
Microsoft Visual Studio Solution File, Format Version 12.00
# Visual Studio Version 16
VisualStudioVersion = 16.0.30225.117
MinimumVisualStudioVersion = 10.0.40219.1
Project("{FAE04EC0-301F-11D3-BF4B-00C04F79EFBC}") = "protoUnitofWorkDapper", "protoUnitofWorkDapper.csproj", "{8DBC60D0-269C-45CA-9E55-DC4FC0CD4797}"
EndProject
Global
	GlobalSection(SolutionConfigurationPlatforms) = preSolution
		Debug|Any CPU = Debug|Any CPU
		Release|Any CPU = Release|Any CPU
	EndGlobalSection
	GlobalSection(ProjectConfigurationPlatforms) = postSolution
		{8DBC60D0-269C-45CA-9E55-DC4FC0CD4797}.Debug|Any CPU.ActiveCfg = Debug|Any CPU
		{8DBC60D0-269C-45CA-9E55-DC4FC0CD4797}.Debug|Any CPU.Build.0 = Debug|Any CPU
		{8DBC60D0-269C-45CA-9E55-DC4FC0CD4797}.Release|Any CPU.ActiveCfg = Release|Any CPU
		{8DBC60D0-269C-45CA-9E55-DC4FC0CD4797}.Release|Any CPU.Build.0 = Release|Any CPU
	EndGlobalSection
	GlobalSection(SolutionProperties) = preSolution
		HideSolutionNode = FALSE
	EndGlobalSection
	GlobalSection(ExtensibilityGlobals) = postSolution
		SolutionGuid = {46D25102-8ABE-48E9-B92A-19B289A9D872}
	EndGlobalSection
EndGlobal
